github.com/go-directory/common v0.0.0-20260911220854-4a82f3d05fbb h1:4YneOFjuVihfZXxSw+McWMoh9lRApFt3SSi+DMKefGA=
github.com/go-directory/common v0.0.0-20260911220854-4a82f3d05fbb/go.mod h1:Pt6qHDNU3iZ/nkhebDY58xLfJYR0RVgN8/y7xRrq7hc=
github.com/go-directory/common v0.0.0-20260913193407-9f6ce7e7925d h1:hewrUObHY8SJVMGa/SiPFX08EH1wVolxHfvuiVlHGqg=
github.com/go-directory/common v0.0.0-20260913193407-9f6ce7e7925d/go.mod h1:38wymd8zkOxcZC/oRKK8a82xopDQRSz42XTd97NKgqg=
github.com/go-directory/common v0.0.0-20260914190422-b244c6ff2f87 h1:mI0cP7q6AoQDf2XGKt6Aka+fzUvNCw6Z6PycU4LQv2k=
github.com/go-directory/common v0.0.0-20260914190422-b244c6ff2f87/go.mod h1:38wymd8zkOxcZC/oRKK8a82xopDQRSz42XTd97NKgqg=
